{
  "version": 4,
  "terraform_version": "1.14.4",
  "serial": 26,
  "lineage": "7bbc8536-f82c-e916-5e44-ba8066e232ea",
  "outputs": {
    "vcn_id": {
      "value": "ocid1.vcn.oc1.sa-saopaulo-1.amaaaaaaiujx43yaepax2ldqsqee7la6bmcr5ddzlsyxgxrud3wwjxhalupa",
      "type": "string"
    }
  },
  "resources": [
    {
      "mode": "data",
      "type": "oci_core_images",
      "name": "ubuntu",
      "provider": "provider[\"registry.terraform.io/oracle/oci\"]",
      "instances": [
        {
          "schema_version": 0,
          "attributes": {
            "compartment_id": "ocid1.tenancy.oc1..aaaaaaaab26arinn7zlnqgyoqz5lngnqdy55jfmiclowurtwjbj4p3a654nq",
            "display_name": null,
            "filter": null,
            "id": "CoreImagesDataSource-1466199971",
            "images": [
              {
                "agent_features": [],
                "base_image_id": "",
                "billable_size_in_gbs": "2",
                "compartment_id": "",
                "create_image_allowed": true,
                "defined_tags": {},
                "display_name": "Canonical-Ubuntu-22.04-aarch64-2026.01.29-0",
                "freeform_tags": {},
                "id": "ocid1.image.oc1.sa-saopaulo-1.aaaaaaaazpr6popyhs6x3uvoja2izfapttsedi6gcacryy3pt7gaxefmx3wq",
                "image_source_details": [],
                "instance_id": "",
                "launch_mode": "NATIVE",
                "launch_options": [
                  {
                    "boot_volume_type": "PARAVIRTUALIZED",
                    "firmware": "UEFI_64",
                    "is_consistent_volume_naming_enabled": true,
                    "is_pv_encryption_in_transit_enabled": true,
                    "network_type": "PARAVIRTUALIZED",
                    "remote_data_volume_type": "PARAVIRTUALIZED"
                  }
                ],
                "listing_type": "",
                "operating_system": "Canonical Ubuntu",
                "operating_system_version": "22.04",
                "size_in_mbs": "47694",
                "state": "AVAILABLE",
                "time_created": "2026-02-06 18:29:11.438 +0000 UTC"
              },
              {
                "agent_features": [],
                "base_image_id": "",
                "billable_size_in_gbs": "2",
                "compartment_id": "",
                "create_image_allowed": true,
                "defined_tags": {},
                "display_name": "Canonical-Ubuntu-22.04-aarch64-2025.10.31-0",
                "freeform_tags": {},
                "id": "ocid1.image.oc1.sa-saopaulo-1.aaaaaaaalcbhp3iotoxx4koq4qq7tpl46n3alcv2iiyai4y7bgbr2xarnk6q",
                "image_source_details": [],
                "instance_id": "",
                "launch_mode": "NATIVE",
                "launch_options": [
                  {
                    "boot_volume_type": "PARAVIRTUALIZED",
                    "firmware": "UEFI_64",
                    "is_consistent_volume_naming_enabled": true,
                    "is_pv_encryption_in_transit_enabled": true,
                    "network_type": "PARAVIRTUALIZED",
                    "remote_data_volume_type": "PARAVIRTUALIZED"
                  }
                ],
                "listing_type": "",
                "operating_system": "Canonical Ubuntu",
                "operating_system_version": "22.04",
                "size_in_mbs": "47694",
                "state": "AVAILABLE",
                "time_created": "2025-11-10 11:21:15.615 +0000 UTC"
              },
              {
                "agent_features": [],
                "base_image_id": "",
                "billable_size_in_gbs": "2",
                "compartment_id": "",
                "create_image_allowed": true,
                "defined_tags": {},
                "display_name": "Canonical-Ubuntu-22.04-aarch64-2025.09.26-0",
                "freeform_tags": {},
                "id": "ocid1.image.oc1.sa-saopaulo-1.aaaaaaaaep3s6uzriicdimvgabyrxf2xejwmlyfm6uw2joqakn2aeykxh5va",
                "image_source_details": [],
                "instance_id": "",
                "launch_mode": "NATIVE",
                "launch_options": [
                  {
                    "boot_volume_type": "PARAVIRTUALIZED",
                    "firmware": "UEFI_64",
                    "is_consistent_volume_naming_enabled": true,
                    "is_pv_encryption_in_transit_enabled": true,
                    "network_type": "PARAVIRTUALIZED",
                    "remote_data_volume_type": "PARAVIRTUALIZED"
                  }
                ],
                "listing_type": "",
                "operating_system": "Canonical Ubuntu",
                "operating_system_version": "22.04",
                "size_in_mbs": "47694",
                "state": "AVAILABLE",
                "time_created": "2025-10-02 13:59:08.451 +0000 UTC"
              }
            ],
            "operating_system": "Canonical Ubuntu",
            "operating_system_version": "22.04",
            "shape": "VM.Standard.A1.Flex",
            "sort_by": "TIMECREATED",
            "sort_order": "DESC",
            "state": null
          },
          "sensitive_attributes": [],
          "identity_schema_version": 0
        }
      ]
    },
    {
      "mode": "data",
      "type": "oci_identity_availability_domains",
      "name": "ads",
      "provider": "provider[\"registry.terraform.io/oracle/oci\"]",
      "instances": [
        {
          "schema_version": 0,
          "attributes": {
            "availability_domains": [
              {
                "compartment_id": "ocid1.tenancy.oc1..aaaaaaaab26arinn7zlnqgyoqz5lngnqdy55jfmiclowurtwjbj4p3a654nq",
                "id": "ocid1.availabilitydomain.oc1..aaaaaaaay5nesbty7quxigdwtp7axotkcglzi43jvfrnwvbv4dgjerqwxf5a",
                "name": "OtRi:SA-SAOPAULO-1-AD-1"
              }
            ],
            "compartment_id": "ocid1.tenancy.oc1..aaaaaaaab26arinn7zlnqgyoqz5lngnqdy55jfmiclowurtwjbj4p3a654nq",
            "filter": null,
            "id": "IdentityAvailabilityDomainsDataSource-1770795734"
          },
          "sensitive_attributes": [],
          "identity_schema_version": 0
        }
      ]
    },
    {
      "mode": "managed",
      "type": "oci_core_internet_gateway",
      "name": "financeapi",
      "provider": "provider[\"registry.terraform.io/oracle/oci\"]",
      "instances": [
        {
          "schema_version": 0,
          "attributes": {
            "compartment_id": "ocid1.tenancy.oc1..aaaaaaaab26arinn7zlnqgyoqz5lngnqdy55jfmiclowurtwjbj4p3a654nq",
            "defined_tags": {
              "Oracle-Tags.CreatedBy": "default/gustavohenrique3gb@gmail.com",
              "Oracle-Tags.CreatedOn": "2026-02-13T17:10:49.511Z"
            },
            "display_name": "financeapi-igw",
            "enabled": true,
            "freeform_tags": {},
            "id": "ocid1.internetgateway.oc1.sa-saopaulo-1.aaaaaaaa4h2rde7bktponsf6aqqcl2t5h2hfwg6qa3mfoibpnpmjxewb2aua",
            "route_table_id": null,
            "state": "AVAILABLE",
            "time_created": "2026-02-13 17:10:49.539 +0000 UTC",
            "timeouts": null,
            "vcn_id": "ocid1.vcn.oc1.sa-saopaulo-1.amaaaaaaiujx43yaepax2ldqsqee7la6bmcr5ddzlsyxgxrud3wwjxhalupa"
          },
          "sensitive_attributes": [],
          "identity_schema_version": 0,
          "private": "eyJlMmJmYjczMC1lY2FhLTExZTYtOGY4OC0zNDM2M2JjN2M0YzAiOnsiY3JlYXRlIjoxMjAwMDAwMDAwMDAwLCJkZWxldGUiOjEyMDAwMDAwMDAwMDAsInVwZGF0ZSI6MTIwMDAwMDAwMDAwMH19",
          "dependencies": [
            "oci_core_vcn.financeapi"
          ]
        }
      ]
    },
    {
      "mode": "managed",
      "type": "oci_core_route_table",
      "name": "financeapi",
      "provider": "provider[\"registry.terraform.io/oracle/oci\"]",
      "instances": [
        {
          "schema_version": 0,
          "attributes": {
            "compartment_id": "ocid1.tenancy.oc1..aaaaaaaab26arinn7zlnqgyoqz5lngnqdy55jfmiclowurtwjbj4p3a654nq",
            "defined_tags": {
              "Oracle-Tags.CreatedBy": "default/gustavohenrique3gb@gmail.com",
              "Oracle-Tags.CreatedOn": "2026-02-13T17:10:50.017Z"
            },
            "display_name": "financeapi-rt",
            "freeform_tags": {},
            "id": "ocid1.routetable.oc1.sa-saopaulo-1.aaaaaaaaonqhxncxh5i5gf2gdelhq4w6iqze2l5nobbhqlhse4qyb4ewbtha",
            "route_rules": [
              {
                "cidr_block": "",
                "description": "",
                "destination": "0.0.0.0/0",
                "destination_type": "CIDR_BLOCK",
                "network_entity_id": "ocid1.internetgateway.oc1.sa-saopaulo-1.aaaaaaaa4h2rde7bktponsf6aqqcl2t5h2hfwg6qa3mfoibpnpmjxewb2aua",
                "route_type": ""
              }
            ],
            "state": "AVAILABLE",
            "time_created": "2026-02-13 17:10:50.036 +0000 UTC",
            "timeouts": null,
            "vcn_id": "ocid1.vcn.oc1.sa-saopaulo-1.amaaaaaaiujx43yaepax2ldqsqee7la6bmcr5ddzlsyxgxrud3wwjxhalupa"
          },
          "sensitive_attributes": [],
          "identity_schema_version": 0,
          "private": "eyJlMmJmYjczMC1lY2FhLTExZTYtOGY4OC0zNDM2M2JjN2M0YzAiOnsiY3JlYXRlIjoxMjAwMDAwMDAwMDAwLCJkZWxldGUiOjEyMDAwMDAwMDAwMDAsInVwZGF0ZSI6MTIwMDAwMDAwMDAwMH19",
          "dependencies": [
            "oci_core_internet_gateway.financeapi",
            "oci_core_vcn.financeapi"
          ]
        }
      ]
    },
    {
      "mode": "managed",
      "type": "oci_core_security_list",
      "name": "financeapi",
      "provider": "provider[\"registry.terraform.io/oracle/oci\"]",
      "instances": [
        {
          "schema_version": 0,
          "attributes": {
            "compartment_id": "ocid1.tenancy.oc1..aaaaaaaab26arinn7zlnqgyoqz5lngnqdy55jfmiclowurtwjbj4p3a654nq",
            "defined_tags": {
              "Oracle-Tags.CreatedBy": "default/gustavohenrique3gb@gmail.com",
              "Oracle-Tags.CreatedOn": "2026-02-13T17:10:49.615Z"
            },
            "display_name": "financeapi-sl",
            "egress_security_rules": [
              {
                "description": "Allow all outbound",
                "destination": "0.0.0.0/0",
                "destination_type": "CIDR_BLOCK",
                "icmp_options": [],
                "protocol": "all",
                "stateless": false,
                "tcp_options": [],
                "udp_options": []
              }
            ],
            "freeform_tags": {},
            "id": "ocid1.securitylist.oc1.sa-saopaulo-1.aaaaaaaao3epgg4qcgxi432b25bwdsjk6nxhakwojrh7krwmjaelrugbzbda",
            "ingress_security_rules": [
              {
                "description": "HTTP",
                "icmp_options": [],
                "protocol": "6",
                "source": "0.0.0.0/0",
                "source_type": "CIDR_BLOCK",
                "stateless": false,
                "tcp_options": [
                  {
                    "max": 80,
                    "min": 80,
                    "source_port_range": []
                  }
                ],
                "udp_options": []
              },
              {
                "description": "HTTPS",
                "icmp_options": [],
                "protocol": "6",
                "source": "0.0.0.0/0",
                "source_type": "CIDR_BLOCK",
                "stateless": false,
                "tcp_options": [
                  {
                    "max": 443,
                    "min": 443,
                    "source_port_range": []
                  }
                ],
                "udp_options": []
              },
              {
                "description": "SSH",
                "icmp_options": [],
                "protocol": "6",
                "source": "0.0.0.0/0",
                "source_type": "CIDR_BLOCK",
                "stateless": false,
                "tcp_options": [
                  {
                    "max": 22,
                    "min": 22,
                    "source_port_range": []
                  }
                ],
                "udp_options": []
              }
            ],
            "state": "AVAILABLE",
            "time_created": "2026-02-13 17:10:49.64 +0000 UTC",
            "timeouts": null,
            "vcn_id": "ocid1.vcn.oc1.sa-saopaulo-1.amaaaaaaiujx43yaepax2ldqsqee7la6bmcr5ddzlsyxgxrud3wwjxhalupa"
          },
          "sensitive_attributes": [],
          "identity_schema_version": 0,
          "private": "eyJlMmJmYjczMC1lY2FhLTExZTYtOGY4OC0zNDM2M2JjN2M0YzAiOnsiY3JlYXRlIjoxMjAwMDAwMDAwMDAwLCJkZWxldGUiOjEyMDAwMDAwMDAwMDAsInVwZGF0ZSI6MTIwMDAwMDAwMDAwMH19",
          "dependencies": [
            "oci_core_vcn.financeapi"
          ]
        }
      ]
    },
    {
      "mode": "managed",
      "type": "oci_core_subnet",
      "name": "financeapi",
      "provider": "provider[\"registry.terraform.io/oracle/oci\"]",
      "instances": [
        {
          "schema_version": 0,
          "attributes": {
            "availability_domain": null,
            "cidr_block": "10.0.1.0/24",
            "compartment_id": "ocid1.tenancy.oc1..aaaaaaaab26arinn7zlnqgyoqz5lngnqdy55jfmiclowurtwjbj4p3a654nq",
            "defined_tags": {
              "Oracle-Tags.CreatedBy": "default/gustavohenrique3gb@gmail.com",
              "Oracle-Tags.CreatedOn": "2026-02-13T17:10:50.617Z"
            },
            "dhcp_options_id": "ocid1.dhcpoptions.oc1.sa-saopaulo-1.aaaaaaaa4alovvjghxs5zsyikmkbcqdgeaaqvowvx46vq6a74dgccqgwhsha",
            "display_name": "financeapi-subnet",
            "dns_label": "subnet1",
            "freeform_tags": {},
            "id": "ocid1.subnet.oc1.sa-saopaulo-1.aaaaaaaahig3oj6fpjxryicj3n7yllqtmgsqnfz6huk5w5n4arurdwsvr7rq",
            "ipv6cidr_block": null,
            "ipv6cidr_blocks": [],
            "ipv6virtual_router_ip": null,
            "prohibit_internet_ingress": false,
            "prohibit_public_ip_on_vnic": false,
            "route_table_id": "ocid1.routetable.oc1.sa-saopaulo-1.aaaaaaaaonqhxncxh5i5gf2gdelhq4w6iqze2l5nobbhqlhse4qyb4ewbtha",
            "security_list_ids": [
              "ocid1.securitylist.oc1.sa-saopaulo-1.aaaaaaaao3epgg4qcgxi432b25bwdsjk6nxhakwojrh7krwmjaelrugbzbda"
            ],
            "state": "AVAILABLE",
            "subnet_domain_name": "subnet1.financeapi.oraclevcn.com",
            "time_created": "2026-02-13 17:10:50.667 +0000 UTC",
            "timeouts": null,
            "vcn_id": "ocid1.vcn.oc1.sa-saopaulo-1.amaaaaaaiujx43yaepax2ldqsqee7la6bmcr5ddzlsyxgxrud3wwjxhalupa",
            "virtual_router_ip": "10.0.1.1",
            "virtual_router_mac": "00:00:17:6F:77:C1"
          },
          "sensitive_attributes": [],
          "identity_schema_version": 0,
          "private": "eyJlMmJmYjczMC1lY2FhLTExZTYtOGY4OC0zNDM2M2JjN2M0YzAiOnsiY3JlYXRlIjoxMjAwMDAwMDAwMDAwLCJkZWxldGUiOjEyMDAwMDAwMDAwMDAsInVwZGF0ZSI6MTIwMDAwMDAwMDAwMH19",
          "dependencies": [
            "oci_core_internet_gateway.financeapi",
            "oci_core_route_table.financeapi",
            "oci_core_security_list.financeapi",
            "oci_core_vcn.financeapi"
          ]
        }
      ]
    },
    {
      "mode": "managed",
      "type": "oci_core_vcn",
      "name": "financeapi",
      "provider": "provider[\"registry.terraform.io/oracle/oci\"]",
      "instances": [
        {
          "schema_version": 0,
          "attributes": {
            "byoipv6cidr_blocks": [],
            "byoipv6cidr_details": [],
            "cidr_block": "10.0.0.0/16",
            "cidr_blocks": [
              "10.0.0.0/16"
            ],
            "compartment_id": "ocid1.tenancy.oc1..aaaaaaaab26arinn7zlnqgyoqz5lngnqdy55jfmiclowurtwjbj4p3a654nq",
            "default_dhcp_options_id": "ocid1.dhcpoptions.oc1.sa-saopaulo-1.aaaaaaaa4alovvjghxs5zsyikmkbcqdgeaaqvowvx46vq6a74dgccqgwhsha",
            "default_route_table_id": "ocid1.routetable.oc1.sa-saopaulo-1.aaaaaaaaxxc2qo5swquzum7v4mltlbnkczzdgrt4sm5zmtsoac4z6pvbvsba",
            "default_security_list_id": "ocid1.securitylist.oc1.sa-saopaulo-1.aaaaaaaacu4s54i2gfvgc2kszypk6pi34esgf224ehfv4lt6guvevn6svjsq",
            "defined_tags": {
              "Oracle-Tags.CreatedBy": "default/gustavohenrique3gb@gmail.com",
              "Oracle-Tags.CreatedOn": "2026-02-13T17:10:48.924Z"
            },
            "display_name": "financeapi-vcn",
            "dns_label": "financeapi",
            "freeform_tags": {},
            "id": "ocid1.vcn.oc1.sa-saopaulo-1.amaaaaaaiujx43yaepax2ldqsqee7la6bmcr5ddzlsyxgxrud3wwjxhalupa",
            "ipv6cidr_blocks": [],
            "ipv6private_cidr_blocks": [],
            "is_ipv6enabled": false,
            "is_oracle_gua_allocation_enabled": null,
            "state": "AVAILABLE",
            "time_created": "2026-02-13 17:10:48.96 +0000 UTC",
            "timeouts": null,
            "vcn_domain_name": "financeapi.oraclevcn.com"
          },
          "sensitive_attributes": [],
          "identity_schema_version": 0,
          "private": "eyJlMmJmYjczMC1lY2FhLTExZTYtOGY4OC0zNDM2M2JjN2M0YzAiOnsiY3JlYXRlIjoxMjAwMDAwMDAwMDAwLCJkZWxldGUiOjEyMDAwMDAwMDAwMDAsInVwZGF0ZSI6MTIwMDAwMDAwMDAwMH19"
        }
      ]
    }
  ],
  "check_results": null
}
